# This file was autogenerated by Stack.
# You should not edit this file by hand.
# For more information, please see the documentation at:
#   https://docs.haskellstack.org/en/stable/lock_files

packages:
- completed:
    hackage: random-1.2.0@sha256:30d72df4cc1d2fe2d445c88f0ee9d21965af7ce86660c43a6c32a6a1d90d51c9,6094
    pantry-tree:
      size: 1259
      sha256: 92b5a834ba603ee4d006968a75847f4fd93a566b8a96e1b463b8229f8ce9961d
  original:
    hackage: random-1.2.0
- completed:
    hackage: splitmix-0.1.0.3@sha256:fc3aae74c467f4b608050bef53aec17904a618731df9407e655d8f3bf8c32d5c,6049
    pantry-tree:
      size: 1400
      sha256: 8290f921f41c3628a6c9871502e57fd1d25f5954967afbf4ed16717fd8d3656f
  original:
    hackage: splitmix-0.1.0.3
- completed:
    hackage: mtl-2.2.2@sha256:1050fb71acd9f5d67da7d992583f5bd0eb14407b9dc7acc122af1b738b706ca3,2261
    pantry-tree:
      size: 1713
      sha256: b8bdc2259e2f943a7252fb164805666fe108ac959d398e0af27b43ba2ebc241c
  original:
    hackage: mtl-2.2.2
- completed:
    hackage: optparse-simple-0.1.0@sha256:98edaecd087548a2338b6f5f132c9de0c112be17d1ff8034e19b1f3ae3810e7d,1472
    pantry-tree:
      size: 386
      sha256: 33681d8029bc01524c5e0d82c38a63bbc6d807b1efce4f21e87af96f6ce120ea
  original:
    hackage: optparse-simple-0.1.0
- completed:
    hackage: optparse-applicative-0.12.1.0@sha256:86ffdbb73f80af00063d84430853272e8d0160529bc2003518a65fa887e9fd65,4522
    pantry-tree:
      size: 2249
      sha256: 874d4bf9af6a5e8904ead0b38d597cb5c60955d061e1c60b729c3d3528915d4e
  original:
    hackage: optparse-applicative-0.12.1.0
- completed:
    hackage: gitrev-1.3.1@sha256:1d0b2d34bee761865fc22bd022f32890e1b561dfac62a1f31a4fe6220a0d1e58,1186
    pantry-tree:
      size: 216
      sha256: d1ea172d1bd3d298864494e914167a73c8a65de3b95efebb9d6fa62489cd4111
  original:
    hackage: gitrev-1.3.1
- completed:
    hackage: containers-0.5.6.2@sha256:d1d7ddaea70e79c8b2b53bb2a77831e646f032feb6e4d841e31b213c7b37b1fc,7168
    pantry-tree:
      size: 3195
      sha256: 8ff049fe5286fa15b1c030898fa737cfa41391c9100cba971a6ec319ea4da2fd
  original:
    hackage: containers-0.5.6.2
- completed:
    hackage: HUnit-1.6.2.0@sha256:1a79174e8af616117ad39464cac9de205ca923da6582825e97c10786fda933a4,1588
    pantry-tree:
      size: 878
      sha256: 4f20a5a33866171260d0ee1e256c27f53cc84d37a68d498c3e12347f4e3d05b4
  original:
    hackage: HUnit-1.6.2.0
- completed:
    hackage: call-stack-0.4.0@sha256:ac44d2c00931dc20b01750da8c92ec443eb63a7231e8550188cb2ac2385f7feb,1200
    pantry-tree:
      size: 501
      sha256: 04134fa69cdd824b4e4bb7f77e7173e0705f27deabdbbf99549c549400191e1e
  original:
    hackage: call-stack-0.4.0
snapshots: []
